
Microsoft Visual Studio Solution File, Format Version 12.00
# Visual Studio Version 17
VisualStudioVersion = 17.2.32616.157
MinimumVisualStudioVersion = 10.0.40219.1
Project("{FAE04EC0-301F-11D3-BF4B-00C04F79EFBC}") = "Deneme", "Deneme\Deneme.csproj", "{2DBFF742-41F5-4A83-84E6-4404770D1611}"
EndProject
Project("{FAE04EC0-301F-11D3-BF4B-00C04F79EFBC}") = "Deneme1", "Deneme1\Deneme1.csproj", "{8A695B11-6607-4DA7-9409-9D79764F3A12}"
EndProject
Global
	GlobalSection(SolutionConfigurationPlatforms) = preSolution
		Debug|Any CPU = Debug|Any CPU
		Release|Any CPU = Release|Any CPU
	EndGlobalSection
	GlobalSection(ProjectConfigurationPlatforms) = postSolution
		{2DBFF742-41F5-4A83-84E6-4404770D1611}.Debug|Any CPU.ActiveCfg = Debug|Any CPU
		{2DBFF742-41F5-4A83-84E6-4404770D1611}.Debug|Any CPU.Build.0 = Debug|Any CPU
		{2DBFF742-41F5-4A83-84E6-4404770D1611}.Release|Any CPU.ActiveCfg = Release|Any CPU
		{2DBFF742-41F5-4A83-84E6-4404770D1611}.Release|Any CPU.Build.0 = Release|Any CPU
		{8A695B11-6607-4DA7-9409-9D79764F3A12}.Debug|Any CPU.ActiveCfg = Debug|Any CPU
		{8A695B11-6607-4DA7-9409-9D79764F3A12}.Debug|Any CPU.Build.0 = Debug|Any CPU
		{8A695B11-6607-4DA7-9409-9D79764F3A12}.Release|Any CPU.ActiveCfg = Release|Any CPU
		{8A695B11-6607-4DA7-9409-9D79764F3A12}.Release|Any CPU.Build.0 = Release|Any CPU
	EndGlobalSection
	GlobalSection(SolutionProperties) = preSolution
		HideSolutionNode = FALSE
	EndGlobalSection
	GlobalSection(ExtensibilityGlobals) = postSolution
		SolutionGuid = {11E71875-8B3E-45AF-AF58-4476F147D123}
	EndGlobalSection
EndGlobal
